
Microsoft Visual Studio Solution File, Format Version 12.00
# Visual Studio Version 16
VisualStudioVersion = 16.0.31205.134
MinimumVisualStudioVersion = 10.0.40219.1
Project("{FAE04EC0-301F-11D3-BF4B-00C04F79EFBC}") = "design pattern", "design pattern\design pattern.csproj", "{762777AB-E0BC-4DDC-87DF-3B767DD7E86B}"
EndProject
Global
	GlobalSection(SolutionConfigurationPlatforms) = preSolution
		Debug|Any CPU = Debug|Any CPU
		Release|Any CPU = Release|Any CPU
	EndGlobalSection
	GlobalSection(ProjectConfigurationPlatforms) = postSolution
		{762777AB-E0BC-4DDC-87DF-3B767DD7E86B}.Debug|Any CPU.ActiveCfg = Debug|Any CPU
		{762777AB-E0BC-4DDC-87DF-3B767DD7E86B}.Debug|Any CPU.Build.0 = Debug|Any CPU
		{762777AB-E0BC-4DDC-87DF-3B767DD7E86B}.Release|Any CPU.ActiveCfg = Release|Any CPU
		{762777AB-E0BC-4DDC-87DF-3B767DD7E86B}.Release|Any CPU.Build.0 = Release|Any CPU
	EndGlobalSection
	GlobalSection(SolutionProperties) = preSolution
		HideSolutionNode = FALSE
	EndGlobalSection
	GlobalSection(ExtensibilityGlobals) = postSolution
		SolutionGuid = {0389EB13-5E07-440E-B04A-52E1D5E30D96}
	EndGlobalSection
EndGlobal
